
Microsoft Visual Studio Solution File, Format Version 12.00
# Visual Studio 2013
VisualStudioVersion = 12.0.21005.1
MinimumVisualStudioVersion = 10.0.40219.1
Project("{FAE04EC0-301F-11D3-BF4B-00C04F79EFBC}") = "LargeNumberMath", "LargeNumberMath\LargeNumberMath.csproj", "{8B08AB2F-B6C6-4EA4-9F1F-20FB910B24FA}"
EndProject
Global
	GlobalSection(SolutionConfigurationPlatforms) = preSolution
		Debug|Any CPU = Debug|Any CPU
		Release|Any CPU = Release|Any CPU
	EndGlobalSection
	GlobalSection(ProjectConfigurationPlatforms) = postSolution
		{8B08AB2F-B6C6-4EA4-9F1F-20FB910B24FA}.Debug|Any CPU.ActiveCfg = Debug|Any CPU
		{8B08AB2F-B6C6-4EA4-9F1F-20FB910B24FA}.Debug|Any CPU.Build.0 = Debug|Any CPU
		{8B08AB2F-B6C6-4EA4-9F1F-20FB910B24FA}.Release|Any CPU.ActiveCfg = Release|Any CPU
		{8B08AB2F-B6C6-4EA4-9F1F-20FB910B24FA}.Release|Any CPU.Build.0 = Release|Any CPU
	EndGlobalSection
	GlobalSection(SolutionProperties) = preSolution
		HideSolutionNode = FALSE
	EndGlobalSection
EndGlobal
